{
  "name": "last-ferry-preview",
  "lockfileVersion": 3,
  "requires": true,
  "packages": {
    "": {
      "name": "last-ferry-preview",
      "dependencies": {
        "@fontsource/amatic-sc": "5.3.0",
        "@fontsource/arimo": "5.3.0",
        "@fontsource/bangers": "5.3.0",
        "@fontsource/creepster": "5.3.0",
        "@fontsource/denk-one": "5.3.0",
        "@fontsource/fredoka-one": "5.3.0",
        "@fontsource/indie-flower": "5.3.0",
        "@fontsource/inter": "5.3.0",
        "@fontsource/josefin-sans": "5.3.0",
        "@fontsource/kalam": "5.3.0",
        "@fontsource/luckiest-guy": "5.3.0",
        "@fontsource/merriweather": "5.3.0",
        "@fontsource/michroma": "5.3.0",
        "@fontsource/montserrat": "5.3.0",
        "@fontsource/nunito": "5.3.0",
        "@fontsource/oswald": "5.3.0",
        "@fontsource/patrick-hand": "5.3.0",
        "@fontsource/permanent-marker": "5.3.0",
        "@fontsource/press-start-2p": "5.3.0",
        "@fontsource/roboto": "5.3.0",
        "@fontsource/roboto-condensed": "5.3.0",
        "@fontsource/roboto-mono": "5.3.0",
        "@fontsource/sarpanch": "5.3.0",
        "@fontsource/source-sans-3": "5.3.0",
        "@fontsource/special-elite": "5.3.0",
        "@fontsource/titillium-web": "5.3.0",
        "@fontsource/ubuntu": "5.3.0",
        "three": "0.186.1"
      },
      "devDependencies": {
        "playwright": "1.56.1"
      }
    },
    "node_modules/@fontsource/amatic-sc": {
      "version": "5.3.0",
      "resolved": "https://registry.npmjs.org/@fontsource/amatic-sc/-/amatic-sc-5.3.0.tgz",
      "integrity": "sha512-qGAftmq7o21ViixCApztfLOe6TP0VFp3x9ac5KVTwBqW6SU8YJeGWgcLHOfBkooAI+/411R/flMqXos8GseNkA==",
      "license": "OFL-1.1",
      "funding": {
        "url": "https://github.com/sponsors/ayuhito"
      }
    },
    "node_modules/@fontsource/arimo": {
      "version": "5.3.0",
      "resolved": "https://registry.npmjs.org/@fontsource/arimo/-/arimo-5.3.0.tgz",
      "integrity": "sha512-nhxZ2sTVZYX8DJBgLuyX360B5vE4mxqpmjlKTRfucIqfcWRVx9vOYzWBc1IgEX0ist48VMC10PRKbFyH+4QFvQ==",
      "license": "OFL-1.1",
      "funding": {
        "url": "https://github.com/sponsors/ayuhito"
      }
    },
    "node_modules/@fontsource/bangers": {
      "version": "5.3.0",
      "resolved": "https://registry.npmjs.org/@fontsource/bangers/-/bangers-5.3.0.tgz",
      "integrity": "sha512-tSRpmWwkqrO9PCqo9wjA/99/5sLOIWm5cf51G3ooEHd8qZus8sVSSJoWp/7EvM5rIgZMjKRG6XtY9yeisKxE7g==",
      "license": "OFL-1.1",
      "funding": {
        "url": "https://github.com/sponsors/ayuhito"
      }
    },
    "node_modules/@fontsource/creepster": {
      "version": "5.3.0",
      "resolved": "https://registry.npmjs.org/@fontsource/creepster/-/creepster-5.3.0.tgz",
      "integrity": "sha512-k1Y03cPd2QnoVBygqfYd/y1Byx1Rl3vDLuq3TrmujwaSgFh8hFy2e1ar7/zhillaaCwweLDI9AlvhIBA+VlsWg==",
      "license": "OFL-1.1",
      "funding": {
        "url": "https://github.com/sponsors/ayuhito"
      }
    },
    "node_modules/@fontsource/denk-one": {
      "version": "5.3.0",
      "resolved": "https://registry.npmjs.org/@fontsource/denk-one/-/denk-one-5.3.0.tgz",
      "integrity": "sha512-DhZylsRLoaUjTBRB552ziZ0pKl+3aCn/KhuA8pJEPK4ftTkMspy0G7ur19qImTSqnkck6mxpP5FjJI+1E4rajA==",
      "license": "OFL-1.1",
      "funding": {
        "url": "https://github.com/sponsors/ayuhito"
      }
    },
    "node_modules/@fontsource/fredoka-one": {
      "version": "5.3.0",
      "resolved": "https://registry.npmjs.org/@fontsource/fredoka-one/-/fredoka-one-5.3.0.tgz",
      "integrity": "sha512-HGEQ6cJdyArQZodbURdp8X+klDnOwsBK5z5EkMDBwgZYTAUruuvkyeckUmD/Uhj+/SaufmMiU6uCovcdm04Zzg==",
      "license": "OFL-1.1"
    },
    "node_modules/@fontsource/indie-flower": {
      "version": "5.3.0",
      "resolved": "https://registry.npmjs.org/@fontsource/indie-flower/-/indie-flower-5.3.0.tgz",
      "integrity": "sha512-Wo5eN/ruEQcyC3+ArzhlpqWQgph3VuCNbJlEkVw17LUd0uyTHOb9bTec4g9njQzjiL/ijACF27sSwy90L6kZBg==",
      "license": "OFL-1.1",
      "funding": {
        "url": "https://github.com/sponsors/ayuhito"
      }
    },
    "node_modules/@fontsource/inter": {
      "version": "5.3.0",
      "resolved": "https://registry.npmjs.org/@fontsource/inter/-/inter-5.3.0.tgz",
      "integrity": "sha512-RofMylZmjlJEfELXeNHFWBRcSs75rGU/6bV2S2jfnvv/3rPXPGe0LgUJTklcHZ9lM4OZmAVFhcJPnACfb91A3g==",
      "license": "OFL-1.1",
      "funding": {
        "url": "https://github.com/sponsors/ayuhito"
      }
    },
    "node_modules/@fontsource/josefin-sans": {
      "version": "5.3.0",
      "resolved": "https://registry.npmjs.org/@fontsource/josefin-sans/-/josefin-sans-5.3.0.tgz",
      "integrity": "sha512-N2xY1l8gBCNrlRa0tMnjUtbSJb/rqWmPLgLSMq6H+EY2/uerAHtbyoHsQQKwhMA8hJat7S+OSk6saxGMceKKvA==",
      "license": "OFL-1.1",
      "funding": {
        "url": "https://github.com/sponsors/ayuhito"
      }
    },
    "node_modules/@fontsource/kalam": {
      "version": "5.3.0",
      "resolved": "https://registry.npmjs.org/@fontsource/kalam/-/kalam-5.3.0.tgz",
      "integrity": "sha512-FDkVoDfPDCSN/eO81FOYtUI67eMgpVBJmjBtAqSL0PmEhJyeFY2biC+CR+yEttksgXR9+swpFdYmQTyjwBq80Q==",
      "license": "OFL-1.1",
      "funding": {
        "url": "https://github.com/sponsors/ayuhito"
      }
    },
    "node_modules/@fontsource/luckiest-guy": {
      "version": "5.3.0",
      "resolved": "https://registry.npmjs.org/@fontsource/luckiest-guy/-/luckiest-guy-5.3.0.tgz",
      "integrity": "sha512-wCtuVkExxmKeW0FngmKVTcCK9T0elvjoP4/ZZaINqsUjlk9CB17Rr9FQ6pIDlN4nzouDMGSuqYvge3VoKqslPA==",
      "license": "Apache-2.0",
      "funding": {
        "url": "https://github.com/sponsors/ayuhito"
      }
    },
    "node_modules/@fontsource/merriweather": {
      "version": "5.3.0",
      "resolved": "https://registry.npmjs.org/@fontsource/merriweather/-/merriweather-5.3.0.tgz",
      "integrity": "sha512-9LpPsNTYzRALj468Uj1K9Usl5eXk991L/kKmcpdWbTF1na9NfMyAXMgUABlMReViU1MYBz9kJ8jEzEOtX9qGDg==",
      "license": "OFL-1.1",
      "funding": {
        "url": "https://github.com/sponsors/ayuhito"
      }
    },
    "node_modules/@fontsource/michroma": {
      "version": "5.3.0",
      "resolved": "https://registry.npmjs.org/@fontsource/michroma/-/michroma-5.3.0.tgz",
      "integrity": "sha512-9sbGD7ek1hGvq0TmgNPFbuI3k7qwXVdZ+zCDsTHDGRIQqfYrpYWwEYcwH2fzOtvn8uiGqzAoJ72vuFE3v/hDdg==",
      "license": "OFL-1.1",
      "funding": {
        "url": "https://github.com/sponsors/ayuhito"
      }
    },
    "node_modules/@fontsource/montserrat": {
      "version": "5.3.0",
      "resolved": "https://registry.npmjs.org/@fontsource/montserrat/-/montserrat-5.3.0.tgz",
      "integrity": "sha512-iQPDtZOnmM5ih4JBGaMSXisRap0ixb9bAUw2hDtY7EjVfaqiiNlKtVuJl9XclxUwtwMMHNcWXfQR6zI9x05+Tg==",
      "license": "OFL-1.1",
      "funding": {
        "url": "https://github.com/sponsors/ayuhito"
      }
    },
    "node_modules/@fontsource/nunito": {
      "version": "5.3.0",
      "resolved": "https://registry.npmjs.org/@fontsource/nunito/-/nunito-5.3.0.tgz",
      "integrity": "sha512-vw9TaTQJ/zpEpKrsODuPmOvaVjXgdda6B+xXA4YqjrdeJ62MLgVoDerdRXFQHyBnSCt2yQ2nHKCHPP/Pv7Xq4Q==",
      "license": "OFL-1.1",
      "funding": {
        "url": "https://github.com/sponsors/ayuhito"
      }
    },
    "node_modules/@fontsource/oswald": {
      "version": "5.3.0",
      "resolved": "https://registry.npmjs.org/@fontsource/oswald/-/oswald-5.3.0.tgz",
      "integrity": "sha512-16r2aHActe0pH+9FLdk/74/YxXM7HpGak05kAzx3RvSToiJwGvyhv6GvckPz+YuZmvL1nxWbEop2jAXRcXYPRg==",
      "license": "OFL-1.1",
      "funding": {
        "url": "https://github.com/sponsors/ayuhito"
      }
    },
    "node_modules/@fontsource/patrick-hand": {
      "version": "5.3.0",
      "resolved": "https://registry.npmjs.org/@fontsource/patrick-hand/-/patrick-hand-5.3.0.tgz",
      "integrity": "sha512-V8C38IlIFfdWg0Xtri3F7sLCVpm069rUwn6w4n+oyn38gt7H4arOJmuReg3tAw1Q6jHqZp89wTnAAJagq4Atxw==",
      "license": "OFL-1.1",
      "funding": {
        "url": "https://github.com/sponsors/ayuhito"
      }
    },
    "node_modules/@fontsource/permanent-marker": {
      "version": "5.3.0",
      "resolved": "https://registry.npmjs.org/@fontsource/permanent-marker/-/permanent-marker-5.3.0.tgz",
      "integrity": "sha512-ZO/NtYW4SCc/iY8N3dmjWyDITcXJ/vhWZFgnwRcvzwCKKnScMrM/a2/6VHlsjCVuIgmPzNrCFbedEYhv+/jJBg==",
      "license": "Apache-2.0",
      "funding": {
        "url": "https://github.com/sponsors/ayuhito"
      }
    },
    "node_modules/@fontsource/press-start-2p": {
      "version": "5.3.0",
      "resolved": "https://registry.npmjs.org/@fontsource/press-start-2p/-/press-start-2p-5.3.0.tgz",
      "integrity": "sha512-gxWFxdeDglPhEYSwEeooomcaFK8kSQYLQwVxfnOJeYRj2sPEHXjpVtFgEaYfqzOjuAJGrIcJOipu2KY5YkbyuQ==",
      "license": "OFL-1.1",
      "funding": {
        "url": "https://github.com/sponsors/ayuhito"
      }
    },
    "node_modules/@fontsource/roboto": {
      "version": "5.3.0",
      "resolved": "https://registry.npmjs.org/@fontsource/roboto/-/roboto-5.3.0.tgz",
      "integrity": "sha512-BapRJOWYP+LZ21zp+wBQjfpPYKRoxc4LspJ/RLuI+HSMBD5u/X4O+ESDrSvEqDSy0rAl7GwBJ+09mdc16cVQ1Q==",
      "license": "OFL-1.1",
      "funding": {
        "url": "https://github.com/sponsors/ayuhito"
      }
    },
    "node_modules/@fontsource/roboto-condensed": {
      "version": "5.3.0",
      "resolved": "https://registry.npmjs.org/@fontsource/roboto-condensed/-/roboto-condensed-5.3.0.tgz",
      "integrity": "sha512-Vbh5pesre/M/Jspd10btdKRqLSTe3yn4l6B2tXHGElCeASfA7Pgdpu1mb8wTG8E72J4Xk6FUfqnSe46UN2QAog==",
      "license": "OFL-1.1",
      "funding": {
        "url": "https://github.com/sponsors/ayuhito"
      }
    },
    "node_modules/@fontsource/roboto-mono": {
      "version": "5.3.0",
      "resolved": "https://registry.npmjs.org/@fontsource/roboto-mono/-/roboto-mono-5.3.0.tgz",
      "integrity": "sha512-yhwplHMHW9dCk+1pZuERfcJe+K3rosGVZEoK0XktkxRSqQ9qsipSwwiuW2/8Qmtp9lzu3Ixa/ie4BMH3i8CkZQ==",
      "license": "OFL-1.1",
      "funding": {
        "url": "https://github.com/sponsors/ayuhito"
      }
    },
    "node_modules/@fontsource/sarpanch": {
      "version": "5.3.0",
      "resolved": "https://registry.npmjs.org/@fontsource/sarpanch/-/sarpanch-5.3.0.tgz",
      "integrity": "sha512-3vfmCq9sMqa8o6P/PuxCFChFswITNZWS5eThhVV15A4n7e69KmxOkJQpJ+UeKP++u0+YQlmzHE1uVbTnHMbckg==",
      "license": "OFL-1.1",
      "funding": {
        "url": "https://github.com/sponsors/ayuhito"
      }
    },
    "node_modules/@fontsource/source-sans-3": {
      "version": "5.3.0",
      "resolved": "https://registry.npmjs.org/@fontsource/source-sans-3/-/source-sans-3-5.3.0.tgz",
      "integrity": "sha512-VrWixSgF93kOVSEkwjs9ImnAbxrBew4PgcnaJYEitG9TyJSwxjFUNJIgzB1XFP/acyAWcTDg7+sWe7JI8LTB9w==",
      "license": "OFL-1.1",
      "funding": {
        "url": "https://github.com/sponsors/ayuhito"
      }
    },
    "node_modules/@fontsource/special-elite": {
      "version": "5.3.0",
      "resolved": "https://registry.npmjs.org/@fontsource/special-elite/-/special-elite-5.3.0.tgz",
      "integrity": "sha512-fOQ9XU8m4KnqzcLibAXCxTsKzbxePNDjPqVss5GSMcPVCY1TuCv+Wq8gm1ebqIR6XS1rhMbQ7ECP9ocKVEEpTA==",
      "license": "Apache-2.0",
      "funding": {
        "url": "https://github.com/sponsors/ayuhito"
      }
    },
    "node_modules/@fontsource/titillium-web": {
      "version": "5.3.0",
      "resolved": "https://registry.npmjs.org/@fontsource/titillium-web/-/titillium-web-5.3.0.tgz",
      "integrity": "sha512-+nO3ACtHoBgBgq5rzKYImyJqcbRR5cG7D5O73Iu9qMEVlpQ4KVpdDs+XJexZ6Tgcek4xSlkCI82Xd3yLNF++6w==",
      "license": "OFL-1.1",
      "funding": {
        "url": "https://github.com/sponsors/ayuhito"
      }
    },
    "node_modules/@fontsource/ubuntu": {
      "version": "5.3.0",
      "resolved": "https://registry.npmjs.org/@fontsource/ubuntu/-/ubuntu-5.3.0.tgz",
      "integrity": "sha512-LsjJXgE430QLs8LKfn1RIFbbdGAiZBU1gao8ASa4Z2kGNGh7lMb7Rzx09v3bLLuuK+3XA/JSLgPWTAbLD6r1fg==",
      "license": "UFL-1.0",
      "funding": {
        "url": "https://github.com/sponsors/ayuhito"
      }
    },
    "node_modules/fsevents": {
      "version": "2.3.2",
      "resolved": "https://registry.npmjs.org/fsevents/-/fsevents-2.3.2.tgz",
      "integrity": "sha512-xiqMQR4xAeHTuB9uWm+fFRcIOgKBMiOBP+eXiyT7jsgVCq1bkVygt00oASowB7EdtpOHaaPgKt812P9ab+DDKA==",
      "dev": true,
      "hasInstallScript": true,
      "license": "MIT",
      "optional": true,
      "os": [
        "darwin"
      ],
      "engines": {
        "node": "^8.16.0 || ^10.6.0 || >=11.0.0"
      }
    },
    "node_modules/playwright": {
      "version": "1.56.1",
      "resolved": "https://registry.npmjs.org/playwright/-/playwright-1.56.1.tgz",
      "integrity": "sha512-aFi5B0WovBHTEvpM3DzXTUaeN6eN0qWnTkKx4NQaH4Wvcmc153PdaY2UBdSYKaGYw+UyWXSVyxDUg5DoPEttjw==",
      "dev": true,
      "license": "Apache-2.0",
      "dependencies": {
        "playwright-core": "1.56.1"
      },
      "bin": {
        "playwright": "cli.js"
      },
      "engines": {
        "node": ">=18"
      },
      "optionalDependencies": {
        "fsevents": "2.3.2"
      }
    },
    "node_modules/playwright-core": {
      "version": "1.56.1",
      "resolved": "https://registry.npmjs.org/playwright-core/-/playwright-core-1.56.1.tgz",
      "integrity": "sha512-hutraynyn31F+Bifme+Ps9Vq59hKuUCz7H1kDOcBs+2oGguKkWTU50bBWrtz34OUWmIwpBTWDxaRPXrIXkgvmQ==",
      "dev": true,
      "license": "Apache-2.0",
      "bin": {
        "playwright-core": "cli.js"
      },
      "engines": {
        "node": ">=18"
      }
    },
    "node_modules/three": {
      "version": "0.186.1",
      "resolved": "https://registry.npmjs.org/three/-/three-0.186.1.tgz",
      "integrity": "sha512-blFeqb49wRCSGUGj7gtpfnSGHy2lwDk94RhUmS1c/hTby70kvChbWpkJ4Pm1390LqzzvTmzgXKHPEafJwCb8jA==",
      "license": "MIT"
    }
  }
}
